create-dataset:
  cmd: python -m spacy run create-dataset
  script:
    - cli-help-maker assets/v0.2.0/dataset.yaml assets/v0.2.0/dataset_v0.2.0
  deps:
    - path: assets/v0.2.0/dataset.yaml
      md5: 2b18c312e0266d5c8edc1e92028c6e3b
  outs:
    - path: assets/v0.2.0/dataset_v0.2.0/dataset.jsonl
      md5: 93e2989070ce966b27f2ba0bfe441346
    - path: assets/v0.2.0/dataset_v0.2.0/arguments.jsonl
      md5: 2fd49ef722bd2f8dab8b84f1ea4ab6d0
  spacy_version: 3.5.0
  spacy_git_version: Unknown
split:
  cmd: python -m spacy run split
  script:
    - python scripts/split.py assets/v0.2.0/dataset_v0.2.0/dataset.jsonl
  deps:
    - path: assets/v0.2.0/dataset_v0.2.0/dataset.jsonl
      md5: 93e2989070ce966b27f2ba0bfe441346
    - path: scripts/split.py
      md5: 8f893b0a08be1745bfc54f14c8bdd34d
  outs:
    - path: assets/v0.2.0/dataset_v0.2.0/dataset_train.jsonl
      md5: 2c15f717bf6647d0560ace8c00859196
    - path: assets/v0.2.0/dataset_v0.2.0/dataset_dev.jsonl
      md5: 62487e212ef04d10f8c4e2e8b1e0451f
  spacy_version: 3.5.0
  spacy_git_version: Unknown
convert:
  cmd: python -m spacy run convert
  script:
    - python scripts/convert.py assets/v0.2.0/dataset_v0.2.0/dataset_train.jsonl corpus/dataset_train.spacy
    - python scripts/convert.py assets/v0.2.0/dataset_v0.2.0/dataset_dev.jsonl corpus/dataset_dev.spacy
  deps:
    - path: assets/v0.2.0/dataset_v0.2.0/dataset_train.jsonl
      md5: 2c15f717bf6647d0560ace8c00859196
    - path: assets/v0.2.0/dataset_v0.2.0/dataset_dev.jsonl
      md5: 62487e212ef04d10f8c4e2e8b1e0451f
    - path: scripts/convert.py
      md5: 7302e3539a3bef40e775221590124fa3
  outs:
    - path: corpus/dataset_train.spacy
      md5: 35124973f9a2a5a177516c6a3331c1c1
    - path: corpus/dataset_dev.spacy
      md5: 7c561b83bad9b681056c2c500fa9db91
  spacy_version: 3.5.0
  spacy_git_version: Unknown
train:
  cmd: python -m spacy run train
  script:
    - python -m spacy train configs/config.cfg --output training/ --paths.train corpus/dataset_train.spacy
      --paths.dev corpus/dataset_dev.spacy
  deps:
    - path: corpus/dataset_train.spacy
      md5: 35124973f9a2a5a177516c6a3331c1c1
    - path: corpus/dataset_dev.spacy
      md5: 7c561b83bad9b681056c2c500fa9db91
  outs:
    - path: training/model-best
      md5: ff4502f49abbe748c9cdae6eaefc6120
  spacy_version: 3.5.0
  spacy_git_version: Unknown
evaluate:
  cmd: python -m spacy run evaluate
  script:
    - python -m spacy benchmark accuracy training/model-best corpus/dataset_dev.spacy
      --output training/metrics.json
  deps:
    - path: corpus/dataset_dev.spacy
      md5: 7c561b83bad9b681056c2c500fa9db91
    - path: training/model-best
      md5: ff4502f49abbe748c9cdae6eaefc6120
  outs:
    - path: training/metrics.json
      md5: 43d6d3b901ec3e4c3714bb96ff240f8e
  spacy_version: 3.5.0
  spacy_git_version: Unknown
readme:
  cmd: python -m spacy run readme
  script:
    - python scripts/create_readme.py README.md
  deps:
    - path: training/metrics.json
      md5: 43d6d3b901ec3e4c3714bb96ff240f8e
  outs: []
  spacy_version: 3.5.0
  spacy_git_version: Unknown
package:
  cmd: python -m spacy run package
  script:
    - python -m spacy package training/model-best packages --name helpner_core --version
      0.2.0 --force --build sdist,wheel
  deps:
    - path: training/model-best
      md5: ff4502f49abbe748c9cdae6eaefc6120
  outs:
    - path: packages/en_helpner_core-0.2.0/dist/en_helpner_core-0.2.0.tar.gz
      md5: e674b4c68bbd1d40dfb166313610bfec
  spacy_version: 3.5.0
  spacy_git_version: Unknown
